PODS:
  - Cartography (1.1.0)
  - Differentiator (2.0.2)
  - RxCocoa (3.6.1):
    - RxSwift (~> 3.6)
  - RxDataSources (2.0.2):
    - Differentiator (~> 2.0)
    - RxCocoa (>= 3.6.1)
    - RxSwift (>= 3.6.1)
  - RxSwift (3.6.1)

DEPENDENCIES:
  - Cartography
  - RxCocoa
  - RxDataSources
  - RxSwift

SPEC REPOS:
  https://github.com/cocoapods/specs.git:
    - Cartography
    - Differentiator
    - RxCocoa
    - RxDataSources
    - RxSwift

SPEC CHECKSUMS:
  Cartography: 0538ccb4044acbbda2266335fc58cb4228794d90
  Differentiator: caa9b3957981a2ac8e6b2eac8a676af461caa604
  RxCocoa: 84a08739ab186248c7f31ce4ee92d6f8a947d690
  RxDataSources: 7f190474a93a206c082c2d74c4cc9c8f7bea4feb
  RxSwift: f9de85ea20cd2f7716ee5409fc13523dc638e4e4

PODFILE CHECKSUM: 1fb6958177f26f7e87c2db0495c78b3f1414474d

COCOAPODS: 1.6.1
